
Microsoft Visual Studio Solution File, Format Version 12.00
# Visual Studio Version 17
VisualStudioVersion = 17.3.32929.385
MinimumVisualStudioVersion = 10.0.40219.1
Project("{FAE04EC0-301F-11D3-BF4B-00C04F79EFBC}") = "GUI", "GUI\GUI.csproj", "{D0C5A858-FC97-4E32-9990-A4D5D992CF67}"
EndProject
Project("{FAE04EC0-301F-11D3-BF4B-00C04F79EFBC}") = "DTO", "DTO\DTO.csproj", "{8F5FFE30-104C-4AD1-BC7B-9855E620A115}"
EndProject
Project("{FAE04EC0-301F-11D3-BF4B-00C04F79EFBC}") = "DAL", "DAL\DAL.csproj", "{83AACCDA-C9C4-42DB-987E-9821B8B3085C}"
EndProject
Project("{FAE04EC0-301F-11D3-BF4B-00C04F79EFBC}") = "BLL", "BLL\BLL.csproj", "{284BE94B-6424-4233-AABF-D175C40D61A8}"
EndProject
Project("{FAE04EC0-301F-11D3-BF4B-00C04F79EFBC}") = "testCNPM", "testCNPM\testCNPM.csproj", "{AAE143AA-80E5-4F8F-AAEF-010D8FADC7C1}"
EndProject
Global
	GlobalSection(SolutionConfigurationPlatforms) = preSolution
		Debug|Any CPU = Debug|Any CPU
		Release|Any CPU = Release|Any CPU
	EndGlobalSection
	GlobalSection(ProjectConfigurationPlatforms) = postSolution
		{D0C5A858-FC97-4E32-9990-A4D5D992CF67}.Debug|Any CPU.ActiveCfg = Debug|Any CPU
		{D0C5A858-FC97-4E32-9990-A4D5D992CF67}.Debug|Any CPU.Build.0 = Debug|Any CPU
		{D0C5A858-FC97-4E32-9990-A4D5D992CF67}.Release|Any CPU.ActiveCfg = Release|Any CPU
		{D0C5A858-FC97-4E32-9990-A4D5D992CF67}.Release|Any CPU.Build.0 = Release|Any CPU
		{8F5FFE30-104C-4AD1-BC7B-9855E620A115}.Debug|Any CPU.ActiveCfg = Debug|Any CPU
		{8F5FFE30-104C-4AD1-BC7B-9855E620A115}.Debug|Any CPU.Build.0 = Debug|Any CPU
		{8F5FFE30-104C-4AD1-BC7B-9855E620A115}.Release|Any CPU.ActiveCfg = Release|Any CPU
		{8F5FFE30-104C-4AD1-BC7B-9855E620A115}.Release|Any CPU.Build.0 = Release|Any CPU
		{83AACCDA-C9C4-42DB-987E-9821B8B3085C}.Debug|Any CPU.ActiveCfg = Debug|Any CPU
		{83AACCDA-C9C4-42DB-987E-9821B8B3085C}.Debug|Any CPU.Build.0 = Debug|Any CPU
		{83AACCDA-C9C4-42DB-987E-9821B8B3085C}.Release|Any CPU.ActiveCfg = Release|Any CPU
		{83AACCDA-C9C4-42DB-987E-9821B8B3085C}.Release|Any CPU.Build.0 = Release|Any CPU
		{284BE94B-6424-4233-AABF-D175C40D61A8}.Debug|Any CPU.ActiveCfg = Debug|Any CPU
		{284BE94B-6424-4233-AABF-D175C40D61A8}.Debug|Any CPU.Build.0 = Debug|Any CPU
		{284BE94B-6424-4233-AABF-D175C40D61A8}.Release|Any CPU.ActiveCfg = Release|Any CPU
		{284BE94B-6424-4233-AABF-D175C40D61A8}.Release|Any CPU.Build.0 = Release|Any CPU
		{AAE143AA-80E5-4F8F-AAEF-010D8FADC7C1}.Debug|Any CPU.ActiveCfg = Debug|Any CPU
		{AAE143AA-80E5-4F8F-AAEF-010D8FADC7C1}.Debug|Any CPU.Build.0 = Debug|Any CPU
		{AAE143AA-80E5-4F8F-AAEF-010D8FADC7C1}.Release|Any CPU.ActiveCfg = Release|Any CPU
		{AAE143AA-80E5-4F8F-AAEF-010D8FADC7C1}.Release|Any CPU.Build.0 = Release|Any CPU
	EndGlobalSection
	GlobalSection(SolutionProperties) = preSolution
		HideSolutionNode = FALSE
	EndGlobalSection
	GlobalSection(ExtensibilityGlobals) = postSolution
		SolutionGuid = {FACDF06A-3700-466A-A019-A54B5EA07F80}
	EndGlobalSection
EndGlobal
